PODS:
  - AFNetworking (3.1.0):
    - AFNetworking/NSURLSession (= 3.1.0)
    - AFNetworking/Reachability (= 3.1.0)
    - AFNetworking/Security (= 3.1.0)
    - AFNetworking/Serialization (= 3.1.0)
    - AFNetworking/UIKit (= 3.1.0)
  - AFNetworking/NSURLSession (3.1.0):
    - AFNetworking/Reachability
    - AFNetworking/Security
    - AFNetworking/Serialization
  - AFNetworking/Reachability (3.1.0)
  - AFNetworking/Security (3.1.0)
  - AFNetworking/Serialization (3.1.0)
  - AFNetworking/UIKit (3.1.0):
    - AFNetworking/NSURLSession
  - Bugly (2.4.8)
  - Kingfisher (4.6.4)
  - MJExtension (3.0.13)
  - ObjectMapper (3.1.0)
  - ReactiveSwift (2.0.1):
    - Result (~> 3.2)
  - Result (3.2.4)
  - RxCocoa (4.0.0):
    - RxSwift (~> 4.0)
  - RxSwift (4.0.0)
  - SDWebImage (4.3.3):
    - SDWebImage/Core (= 4.3.3)
  - SDWebImage/Core (4.3.3)
  - SnapKit (4.0.0)

DEPENDENCIES:
  - AFNetworking
  - Bugly
  - Kingfisher
  - MJExtension
  - ObjectMapper
  - ReactiveSwift
  - RxCocoa
  - RxSwift
  - SDWebImage
  - SnapKit

SPEC CHECKSUMS:
  AFNetworking: 5e0e199f73d8626b11e79750991f5d173d1f8b67
  Bugly: da3c02408c14838d498429320545a8e439392978
  Kingfisher: 68498a706e46c2a050b0c9572f100e5db407f6e0
  MJExtension: 5932755f451458eefa24239358817f8d291240c7
  ObjectMapper: 20505058f54e5c3ca69e1d6de9897d152a5369a6
  ReactiveSwift: 60a29ff35988a964fd2bb759755cb6594de523fc
  Result: d2d07204ce72856f1fd9130bbe42c35a7b0fea10
  RxCocoa: d62846ca96495d862fa4c59ea7d87e5031d7340e
  RxSwift: fd680d75283beb5e2559486f3c0ff852f0d35334
  SDWebImage: de4d90b5bff3571eae7bd16202b1f43135409fa5
  SnapKit: a42d492c16e80209130a3379f73596c3454b7694

PODFILE CHECKSUM: b2bf0005d8268b4f885048429c4ed00eaf595c1c

COCOAPODS: 1.4.0
